// !$*UTF8*$!
{
	archiveVersion = 1;
	classes = {
	};
	objectVersion = 56;
	objects = {

/* Begin PBXBuildFile section */
		049265EE7C732DF08623D02D /* Pods_WeatherApp.framework in Frameworks */ = {isa = PBXBuildFile; fileRef = 17F8D7B43286C350CF6518D0 /* Pods_WeatherApp.framework */; };
		4E7282712A08111400C172C5 /* AppDelegate.swift in Sources */ = {isa = PBXBuildFile; fileRef = 4E7282702A08111400C172C5 /* AppDelegate.swift */; };
		4E7282732A08111400C172C5 /* SceneDelegate.swift in Sources */ = {isa = PBXBuildFile; fileRef = 4E7282722A08111400C172C5 /* SceneDelegate.swift */; };
		4E72827A2A08111500C172C5 /* Assets.xcassets in Resources */ = {isa = PBXBuildFile; fileRef = 4E7282792A08111500C172C5 /* Assets.xcassets */; };
		4E72827D2A08111500C172C5 /* LaunchScreen.storyboard in Resources */ = {isa = PBXBuildFile; fileRef = 4E72827B2A08111500C172C5 /* LaunchScreen.storyboard */; };
		4E7282A32A08162A00C172C5 /* AlertAction.swift in Sources */ = {isa = PBXBuildFile; fileRef = 4E72828C2A08162A00C172C5 /* AlertAction.swift */; };
		4E7282A42A08162A00C172C5 /* AlertDisplayer.swift in Sources */ = {isa = PBXBuildFile; fileRef = 4E72828D2A08162A00C172C5 /* AlertDisplayer.swift */; };
		4E7282A52A08162A00C172C5 /* AlertItem.swift in Sources */ = {isa = PBXBuildFile; fileRef = 4E72828E2A08162A00C172C5 /* AlertItem.swift */; };
		4E7282A62A08162A00C172C5 /* ProgressDisplayer.swift in Sources */ = {isa = PBXBuildFile; fileRef = 4E7282912A08162A00C172C5 /* ProgressDisplayer.swift */; };
		4E7282A72A08162A00C172C5 /* ProgressView.swift in Sources */ = {isa = PBXBuildFile; fileRef = 4E7282932A08162A00C172C5 /* ProgressView.swift */; };
		4E7282A82A08162A00C172C5 /* ProgressHUD.swift in Sources */ = {isa = PBXBuildFile; fileRef = 4E7282942A08162A00C172C5 /* ProgressHUD.swift */; };
		4E7282A92A08162A00C172C5 /* ProgressHUDAnimatedIcon.swift in Sources */ = {isa = PBXBuildFile; fileRef = 4E7282962A08162A00C172C5 /* ProgressHUDAnimatedIcon.swift */; };
		4E7282AA2A08162A00C172C5 /* ProgressHUDAlertIcon.swift in Sources */ = {isa = PBXBuildFile; fileRef = 4E7282972A08162A00C172C5 /* ProgressHUDAlertIcon.swift */; };
		4E7282AB2A08162A00C172C5 /* ProgressHUDAnimationType.swift in Sources */ = {isa = PBXBuildFile; fileRef = 4E7282982A08162A00C172C5 /* ProgressHUDAnimationType.swift */; };
		4E7282AC2A08162A00C172C5 /* AsyncImageView.swift in Sources */ = {isa = PBXBuildFile; fileRef = 4E72829A2A08162A00C172C5 /* AsyncImageView.swift */; };
		4E7282AD2A08162A00C172C5 /* BaseViewModel.swift in Sources */ = {isa = PBXBuildFile; fileRef = 4E72829D2A08162A00C172C5 /* BaseViewModel.swift */; };
		4E7282AE2A08162A00C172C5 /* ViewModelState.swift in Sources */ = {isa = PBXBuildFile; fileRef = 4E72829E2A08162A00C172C5 /* ViewModelState.swift */; };
		4E7282AF2A08162A00C172C5 /* DisposeObject.swift in Sources */ = {isa = PBXBuildFile; fileRef = 4E7282A02A08162A00C172C5 /* DisposeObject.swift */; };
		4E7282B02A08162A00C172C5 /* BaseViewController.swift in Sources */ = {isa = PBXBuildFile; fileRef = 4E7282A22A08162A00C172C5 /* BaseViewController.swift */; };
		4E7282F02A08166A00C172C5 /* UIScrollView+Helpers.swift in Sources */ = {isa = PBXBuildFile; fileRef = 4E7282B32A08166900C172C5 /* UIScrollView+Helpers.swift */; };
		4E7282F12A08166A00C172C5 /* Collection+Helpers.swift in Sources */ = {isa = PBXBuildFile; fileRef = 4E7282B52A08166900C172C5 /* Collection+Helpers.swift */; };
		4E7282F22A08166A00C172C5 /* UIApplication+UIHelpers.swift in Sources */ = {isa = PBXBuildFile; fileRef = 4E7282B72A08166900C172C5 /* UIApplication+UIHelpers.swift */; };
		4E7282F32A08166A00C172C5 /* Encodable+Helpers.swift in Sources */ = {isa = PBXBuildFile; fileRef = 4E7282BA2A08166900C172C5 /* Encodable+Helpers.swift */; };
		4E7282F42A08166A00C172C5 /* Optional+Helpers.swift in Sources */ = {isa = PBXBuildFile; fileRef = 4E7282BC2A08166900C172C5 /* Optional+Helpers.swift */; };
		4E7282F52A08166A00C172C5 /* Decodable+Helpers.swift in Sources */ = {isa = PBXBuildFile; fileRef = 4E7282BE2A08166900C172C5 /* Decodable+Helpers.swift */; };
		4E7282F62A08166A00C172C5 /* UITableView+Helpers.swift in Sources */ = {isa = PBXBuildFile; fileRef = 4E7282C02A08166900C172C5 /* UITableView+Helpers.swift */; };
		4E7282F72A08166A00C172C5 /* Dictionary+Helpers.swift in Sources */ = {isa = PBXBuildFile; fileRef = 4E7282C22A08166900C172C5 /* Dictionary+Helpers.swift */; };
		4E7282F82A08166A00C172C5 /* View+Helpers.swift in Sources */ = {isa = PBXBuildFile; fileRef = 4E7282C42A08166900C172C5 /* View+Helpers.swift */; };
		4E7282F92A08166A00C172C5 /* String+Helpers.swift in Sources */ = {isa = PBXBuildFile; fileRef = 4E7282C62A08166900C172C5 /* String+Helpers.swift */; };
		4E7282FA2A08166A00C172C5 /* NSObject+Helpers.swift in Sources */ = {isa = PBXBuildFile; fileRef = 4E7282C82A08166900C172C5 /* NSObject+Helpers.swift */; };
		4E7282FB2A08166A00C172C5 /* Data+Helpers.swift in Sources */ = {isa = PBXBuildFile; fileRef = 4E7282CA2A08166900C172C5 /* Data+Helpers.swift */; };
		4E7282FC2A08166A00C172C5 /* LocationCoordinate.swift in Sources */ = {isa = PBXBuildFile; fileRef = 4E7282CD2A08166900C172C5 /* LocationCoordinate.swift */; };
		4E7282FD2A08166A00C172C5 /* LocationManagerContract.swift in Sources */ = {isa = PBXBuildFile; fileRef = 4E7282CE2A08166900C172C5 /* LocationManagerContract.swift */; };
		4E7282FE2A08166A00C172C5 /* LocationManager.swift in Sources */ = {isa = PBXBuildFile; fileRef = 4E7282CF2A08166900C172C5 /* LocationManager.swift */; };
		4E7282FF2A08166A00C172C5 /* CacheManager.swift in Sources */ = {isa = PBXBuildFile; fileRef = 4E7282D12A08166900C172C5 /* CacheManager.swift */; };
		4E7283002A08166A00C172C5 /* CacheManagerContract.swift in Sources */ = {isa = PBXBuildFile; fileRef = 4E7282D22A08166900C172C5 /* CacheManagerContract.swift */; };
		4E7283012A08166A00C172C5 /* UserDefaultsKeys.swift in Sources */ = {isa = PBXBuildFile; fileRef = 4E7282D42A08166900C172C5 /* UserDefaultsKeys.swift */; };
		4E7283022A08166A00C172C5 /* UserDefaultsManager.swift in Sources */ = {isa = PBXBuildFile; fileRef = 4E7282D52A08166900C172C5 /* UserDefaultsManager.swift */; };
		4E7283032A08166A00C172C5 /* EnvironmentManager.swift in Sources */ = {isa = PBXBuildFile; fileRef = 4E7282D72A08166900C172C5 /* EnvironmentManager.swift */; };
		4E7283042A08166A00C172C5 /* EnvironmentManagerContract.swift in Sources */ = {isa = PBXBuildFile; fileRef = 4E7282D82A08166900C172C5 /* EnvironmentManagerContract.swift */; };
		4E7283052A08166A00C172C5 /* UserDefined.swift in Sources */ = {isa = PBXBuildFile; fileRef = 4E7282DA2A08166900C172C5 /* UserDefined.swift */; };
		4E7283062A08166A00C172C5 /* ErrorType.swift in Sources */ = {isa = PBXBuildFile; fileRef = 4E7282DD2A08166900C172C5 /* ErrorType.swift */; };
		4E7283072A08166A00C172C5 /* BaseError.swift in Sources */ = {isa = PBXBuildFile; fileRef = 4E7282DE2A08166900C172C5 /* BaseError.swift */; };
		4E7283082A08166A00C172C5 /* ErrorResolver.swift in Sources */ = {isa = PBXBuildFile; fileRef = 4E7282DF2A08166900C172C5 /* ErrorResolver.swift */; };
		4E7283092A08166A00C172C5 /* ErrorResolverContract.swift in Sources */ = {isa = PBXBuildFile; fileRef = 4E7282E02A08166900C172C5 /* ErrorResolverContract.swift */; };
		4E72830A2A08166A00C172C5 /* APIConstants.swift in Sources */ = {isa = PBXBuildFile; fileRef = 4E7282E22A08166A00C172C5 /* APIConstants.swift */; };
		4E72830B2A08166A00C172C5 /* ErrorConstants.swift in Sources */ = {isa = PBXBuildFile; fileRef = 4E7282E32A08166A00C172C5 /* ErrorConstants.swift */; };
		4E72830C2A08166A00C172C5 /* NetworkConstants.swift in Sources */ = {isa = PBXBuildFile; fileRef = 4E7282E42A08166A00C172C5 /* NetworkConstants.swift */; };
		4E72830D2A08166A00C172C5 /* APIServiceContract.swift in Sources */ = {isa = PBXBuildFile; fileRef = 4E7282E72A08166A00C172C5 /* APIServiceContract.swift */; };
		4E72830E2A08166A00C172C5 /* APIService.swift in Sources */ = {isa = PBXBuildFile; fileRef = 4E7282E82A08166A00C172C5 /* APIService.swift */; };
		4E72830F2A08166A00C172C5 /* APIBuilder.swift in Sources */ = {isa = PBXBuildFile; fileRef = 4E7282EA2A08166A00C172C5 /* APIBuilder.swift */; };
		4E7283102A08166A00C172C5 /* NetworkMethods.swift in Sources */ = {isa = PBXBuildFile; fileRef = 4E7282EC2A08166A00C172C5 /* NetworkMethods.swift */; };
		4E7283112A08166A00C172C5 /* NetworkHeaders.swift in Sources */ = {isa = PBXBuildFile; fileRef = 4E7282ED2A08166A00C172C5 /* NetworkHeaders.swift */; };
		4E7283122A08166A00C172C5 /* NetworkContentType.swift in Sources */ = {isa = PBXBuildFile; fileRef = 4E7282EE2A08166A00C172C5 /* NetworkContentType.swift */; };
		4E7283132A08166A00C172C5 /* NetworkParameters.swift in Sources */ = {isa = PBXBuildFile; fileRef = 4E7282EF2A08166A00C172C5 /* NetworkParameters.swift */; };
		4E7283332A08180500C172C5 /* CurrentWeatherRepository.swift in Sources */ = {isa = PBXBuildFile; fileRef = 4E72831B2A08180500C172C5 /* CurrentWeatherRepository.swift */; };
		4E7283342A08180500C172C5 /* CurrentWeatherViewModel.swift in Sources */ = {isa = PBXBuildFile; fileRef = 4E72831E2A08180500C172C5 /* CurrentWeatherViewModel.swift */; };
		4E7283352A08180500C172C5 /* CurrentWeatherVC.xib in Resources */ = {isa = PBXBuildFile; fileRef = 4E7283202A08180500C172C5 /* CurrentWeatherVC.xib */; };
		4E7283362A08180500C172C5 /* CurrentWeatherVC.swift in Sources */ = {isa = PBXBuildFile; fileRef = 4E7283212A08180500C172C5 /* CurrentWeatherVC.swift */; };
		4E7283372A08180500C172C5 /* GetCurrentWeatherUseCase.swift in Sources */ = {isa = PBXBuildFile; fileRef = 4E7283242A08180500C172C5 /* GetCurrentWeatherUseCase.swift */; };
		4E7283382A08180500C172C5 /* WeatherUnits.swift in Sources */ = {isa = PBXBuildFile; fileRef = 4E7283262A08180500C172C5 /* WeatherUnits.swift */; };
		4E7283392A08180500C172C5 /* GetCurrentWeatherResponse.swift in Sources */ = {isa = PBXBuildFile; fileRef = 4E7283272A08180500C172C5 /* GetCurrentWeatherResponse.swift */; };
		4E72833A2A08180500C172C5 /* CurrentWeatherViewModelContract.swift in Sources */ = {isa = PBXBuildFile; fileRef = 4E72832A2A08180500C172C5 /* CurrentWeatherViewModelContract.swift */; };
		4E72833B2A08180500C172C5 /* CurrentWeatherRepositoryContract.swift in Sources */ = {isa = PBXBuildFile; fileRef = 4E72832C2A08180500C172C5 /* CurrentWeatherRepositoryContract.swift */; };
		4E72833C2A08180500C172C5 /* GetCurrentWeatherUseCaseContract.swift in Sources */ = {isa = PBXBuildFile; fileRef = 4E72832E2A08180500C172C5 /* GetCurrentWeatherUseCaseContract.swift */; };
		4E72833D2A08180500C172C5 /* CurrentWeatherRepresentableModelContract.swift in Sources */ = {isa = PBXBuildFile; fileRef = 4E7283302A08180500C172C5 /* CurrentWeatherRepresentableModelContract.swift */; };
		4E72833E2A08180500C172C5 /* GetCurrentWeatherSearchRequestModelContract.swift in Sources */ = {isa = PBXBuildFile; fileRef = 4E7283312A08180500C172C5 /* GetCurrentWeatherSearchRequestModelContract.swift */; };
		4E72833F2A08180500C172C5 /* GetCurrentWeatherRequestModelContract.swift in Sources */ = {isa = PBXBuildFile; fileRef = 4E7283322A08180500C172C5 /* GetCurrentWeatherRequestModelContract.swift */; };
		4E7283422A08188A00C172C5 /* WeatherRepository.swift in Sources */ = {isa = PBXBuildFile; fileRef = 4E7283412A08188A00C172C5 /* WeatherRepository.swift */; };
		4E7283522A0818C500C172C5 /* WeatherCell.swift in Sources */ = {isa = PBXBuildFile; fileRef = 4E7283462A0818C500C172C5 /* WeatherCell.swift */; };
		4E7283532A0818C500C172C5 /* WeatherCell.xib in Resources */ = {isa = PBXBuildFile; fileRef = 4E7283472A0818C500C172C5 /* WeatherCell.xib */; };
		4E7283542A0818C500C172C5 /* HistoryViewModel.swift in Sources */ = {isa = PBXBuildFile; fileRef = 4E72834B2A0818C500C172C5 /* HistoryViewModel.swift */; };
		4E7283552A0818C500C172C5 /* HistoryVC.xib in Resources */ = {isa = PBXBuildFile; fileRef = 4E72834D2A0818C500C172C5 /* HistoryVC.xib */; };
		4E7283562A0818C500C172C5 /* HistoryVC.swift in Sources */ = {isa = PBXBuildFile; fileRef = 4E72834E2A0818C500C172C5 /* HistoryVC.swift */; };
		4E7283572A0818C500C172C5 /* HistoryCell.xib in Resources */ = {isa = PBXBuildFile; fileRef = 4E7283502A0818C500C172C5 /* HistoryCell.xib */; };
		4E7283582A0818C500C172C5 /* HistoryCell.swift in Sources */ = {isa = PBXBuildFile; fileRef = 4E7283512A0818C500C172C5 /* HistoryCell.swift */; };
/* End PBXBuildFile section */

/* Begin PBXFileReference section */
		17F8D7B43286C350CF6518D0 /* Pods_WeatherApp.framework */ = {isa = PBXFileReference; explicitFileType = wrapper.framework; includeInIndex = 0; path = Pods_WeatherApp.framework; sourceTree = BUILT_PRODUCTS_DIR; };
		4E72826D2A08111400C172C5 /* WeatherApp.app */ = {isa = PBXFileReference; explicitFileType = wrapper.application; includeInIndex = 0; path = WeatherApp.app; sourceTree = BUILT_PRODUCTS_DIR; };
		4E7282702A08111400C172C5 /* AppDelegate.swift */ = {isa = PBXFileReference; lastKnownFileType = sourcecode.swift; path = AppDelegate.swift; sourceTree = "<group>"; };
		4E7282722A08111400C172C5 /* SceneDelegate.swift */ = {isa = PBXFileReference; lastKnownFileType = sourcecode.swift; path = SceneDelegate.swift; sourceTree = "<group>"; };
		4E7282792A08111500C172C5 /* Assets.xcassets */ = {isa = PBXFileReference; lastKnownFileType = folder.assetcatalog; path = Assets.xcassets; sourceTree = "<group>"; };
		4E72827C2A08111500C172C5 /* Base */ = {isa = PBXFileReference; lastKnownFileType = file.storyboard; name = Base; path = Base.lproj/LaunchScreen.storyboard; sourceTree = "<group>"; };
		4E72827E2A08111500C172C5 /* Info.plist */ = {isa = PBXFileReference; lastKnownFileType = text.plist.xml; path = Info.plist; sourceTree = "<group>"; };
		4E72828C2A08162A00C172C5 /* AlertAction.swift */ = {isa = PBXFileReference; fileEncoding = 4; lastKnownFileType = sourcecode.swift; path = AlertAction.swift; sourceTree = "<group>"; };
		4E72828D2A08162A00C172C5 /* AlertDisplayer.swift */ = {isa = PBXFileReference; fileEncoding = 4; lastKnownFileType = sourcecode.swift; path = AlertDisplayer.swift; sourceTree = "<group>"; };
		4E72828E2A08162A00C172C5 /* AlertItem.swift */ = {isa = PBXFileReference; fileEncoding = 4; lastKnownFileType = sourcecode.swift; path = AlertItem.swift; sourceTree = "<group>"; };
		4E7282912A08162A00C172C5 /* ProgressDisplayer.swift */ = {isa = PBXFileReference; fileEncoding = 4; lastKnownFileType = sourcecode.swift; path = ProgressDisplayer.swift; sourceTree = "<group>"; };
		4E7282932A08162A00C172C5 /* ProgressView.swift */ = {isa = PBXFileReference; fileEncoding = 4; lastKnownFileType = sourcecode.swift; path = ProgressView.swift; sourceTree = "<group>"; };
		4E7282942A08162A00C172C5 /* ProgressHUD.swift */ = {isa = PBXFileReference; fileEncoding = 4; lastKnownFileType = sourcecode.swift; path = ProgressHUD.swift; sourceTree = "<group>"; };
		4E7282962A08162A00C172C5 /* ProgressHUDAnimatedIcon.swift */ = {isa = PBXFileReference; fileEncoding = 4; lastKnownFileType = sourcecode.swift; path = ProgressHUDAnimatedIcon.swift; sourceTree = "<group>"; };
		4E7282972A08162A00C172C5 /* ProgressHUDAlertIcon.swift */ = {isa = PBXFileReference; fileEncoding = 4; lastKnownFileType = sourcecode.swift; path = ProgressHUDAlertIcon.swift; sourceTree = "<group>"; };
		4E7282982A08162A00C172C5 /* ProgressHUDAnimationType.swift */ = {isa = PBXFileReference; fileEncoding = 4; lastKnownFileType = sourcecode.swift; path = ProgressHUDAnimationType.swift; sourceTree = "<group>"; };
		4E72829A2A08162A00C172C5 /* AsyncImageView.swift */ = {isa = PBXFileReference; fileEncoding = 4; lastKnownFileType = sourcecode.swift; path = AsyncImageView.swift; sourceTree = "<group>"; };
		4E72829D2A08162A00C172C5 /* BaseViewModel.swift */ = {isa = PBXFileReference; fileEncoding = 4; lastKnownFileType = sourcecode.swift; path = BaseViewModel.swift; sourceTree = "<group>"; };
		4E72829E2A08162A00C172C5 /* ViewModelState.swift */ = {isa = PBXFileReference; fileEncoding = 4; lastKnownFileType = sourcecode.swift; path = ViewModelState.swift; sourceTree = "<group>"; };
		4E7282A02A08162A00C172C5 /* DisposeObject.swift */ = {isa = PBXFileReference; fileEncoding = 4; lastKnownFileType = sourcecode.swift; path = DisposeObject.swift; sourceTree = "<group>"; };
		4E7282A22A08162A00C172C5 /* BaseViewController.swift */ = {isa = PBXFileReference; fileEncoding = 4; lastKnownFileType = sourcecode.swift; path = BaseViewController.swift; sourceTree = "<group>"; };
		4E7282B32A08166900C172C5 /* UIScrollView+Helpers.swift */ = {isa = PBXFileReference; fileEncoding = 4; lastKnownFileType = sourcecode.swift; path = "UIScrollView+Helpers.swift"; sourceTree = "<group>"; };
		4E7282B52A08166900C172C5 /* Collection+Helpers.swift */ = {isa = PBXFileReference; fileEncoding = 4; lastKnownFileType = sourcecode.swift; path = "Collection+Helpers.swift"; sourceTree = "<group>"; };
		4E7282B72A08166900C172C5 /* UIApplication+UIHelpers.swift */ = {isa = PBXFileReference; fileEncoding = 4; lastKnownFileType = sourcecode.swift; path = "UIApplication+UIHelpers.swift"; sourceTree = "<group>"; };
		4E7282BA2A08166900C172C5 /* Encodable+Helpers.swift */ = {isa = PBXFileReference; fileEncoding = 4; lastKnownFileType = sourcecode.swift; path = "Encodable+Helpers.swift"; sourceTree = "<group>"; };
		4E7282BC2A08166900C172C5 /* Optional+Helpers.swift */ = {isa = PBXFileReference; fileEncoding = 4; lastKnownFileType = sourcecode.swift; path = "Optional+Helpers.swift"; sourceTree = "<group>"; };
		4E7282BE2A08166900C172C5 /* Decodable+Helpers.swift */ = {isa = PBXFileReference; fileEncoding = 4; lastKnownFileType = sourcecode.swift; path = "Decodable+Helpers.swift"; sourceTree = "<group>"; };
		4E7282C02A08166900C172C5 /* UITableView+Helpers.swift */ = {isa = PBXFileReference; fileEncoding = 4; lastKnownFileType = sourcecode.swift; path = "UITableView+Helpers.swift"; sourceTree = "<group>"; };
		4E7282C22A08166900C172C5 /* Dictionary+Helpers.swift */ = {isa = PBXFileReference; fileEncoding = 4; lastKnownFileType = sourcecode.swift; path = "Dictionary+Helpers.swift"; sourceTree = "<group>"; };
		4E7282C42A08166900C172C5 /* View+Helpers.swift */ = {isa = PBXFileReference; fileEncoding = 4; lastKnownFileType = sourcecode.swift; path = "View+Helpers.swift"; sourceTree = "<group>"; };
		4E7282C62A08166900C172C5 /* String+Helpers.swift */ = {isa = PBXFileReference; fileEncoding = 4; lastKnownFileType = sourcecode.swift; path = "String+Helpers.swift"; sourceTree = "<group>"; };
		4E7282C82A08166900C172C5 /* NSObject+Helpers.swift */ = {isa = PBXFileReference; fileEncoding = 4; lastKnownFileType = sourcecode.swift; path = "NSObject+Helpers.swift"; sourceTree = "<group>"; };
		4E7282CA2A08166900C172C5 /* Data+Helpers.swift */ = {isa = PBXFileReference; fileEncoding = 4; lastKnownFileType = sourcecode.swift; path = "Data+Helpers.swift"; sourceTree = "<group>"; };
		4E7282CD2A08166900C172C5 /* LocationCoordinate.swift */ = {isa = PBXFileReference; fileEncoding = 4; lastKnownFileType = sourcecode.swift; path = LocationCoordinate.swift; sourceTree = "<group>"; };
		4E7282CE2A08166900C172C5 /* LocationManagerContract.swift */ = {isa = PBXFileReference; fileEncoding = 4; lastKnownFileType = sourcecode.swift; path = LocationManagerContract.swift; sourceTree = "<group>"; };
		4E7282CF2A08166900C172C5 /* LocationManager.swift */ = {isa = PBXFileReference; fileEncoding = 4; lastKnownFileType = sourcecode.swift; path = LocationManager.swift; sourceTree = "<group>"; };
		4E7282D12A08166900C172C5 /* CacheManager.swift */ = {isa = PBXFileReference; fileEncoding = 4; lastKnownFileType = sourcecode.swift; path = CacheManager.swift; sourceTree = "<group>"; };
		4E7282D22A08166900C172C5 /* CacheManagerContract.swift */ = {isa = PBXFileReference; fileEncoding = 4; lastKnownFileType = sourcecode.swift; path = CacheManagerContract.swift; sourceTree = "<group>"; };
		4E7282D42A08166900C172C5 /* UserDefaultsKeys.swift */ = {isa = PBXFileReference; fileEncoding = 4; lastKnownFileType = sourcecode.swift; path = UserDefaultsKeys.swift; sourceTree = "<group>"; };
		4E7282D52A08166900C172C5 /* UserDefaultsManager.swift */ = {isa = PBXFileReference; fileEncoding = 4; lastKnownFileType = sourcecode.swift; path = UserDefaultsManager.swift; sourceTree = "<group>"; };
		4E7282D72A08166900C172C5 /* EnvironmentManager.swift */ = {isa = PBXFileReference; fileEncoding = 4; lastKnownFileType = sourcecode.swift; path = EnvironmentManager.swift; sourceTree = "<group>"; };
		4E7282D82A08166900C172C5 /* EnvironmentManagerContract.swift */ = {isa = PBXFileReference; fileEncoding = 4; lastKnownFileType = sourcecode.swift; path = EnvironmentManagerContract.swift; sourceTree = "<group>"; };
		4E7282DA2A08166900C172C5 /* UserDefined.swift */ = {isa = PBXFileReference; fileEncoding = 4; lastKnownFileType = sourcecode.swift; path = UserDefined.swift; sourceTree = "<group>"; };
		4E7282DD2A08166900C172C5 /* ErrorType.swift */ = {isa = PBXFileReference; fileEncoding = 4; lastKnownFileType = sourcecode.swift; path = ErrorType.swift; sourceTree = "<group>"; };
		4E7282DE2A08166900C172C5 /* BaseError.swift */ = {isa = PBXFileReference; fileEncoding = 4; lastKnownFileType = sourcecode.swift; path = BaseError.swift; sourceTree = "<group>"; };
		4E7282DF2A08166900C172C5 /* ErrorResolver.swift */ = {isa = PBXFileReference; fileEncoding = 4; lastKnownFileType = sourcecode.swift; path = ErrorResolver.swift; sourceTree = "<group>"; };
		4E7282E02A08166900C172C5 /* ErrorResolverContract.swift */ = {isa = PBXFileReference; fileEncoding = 4; lastKnownFileType = sourcecode.swift; path = ErrorResolverContract.swift; sourceTree = "<group>"; };
		4E7282E22A08166A00C172C5 /* APIConstants.swift */ = {isa = PBXFileReference; fileEncoding = 4; lastKnownFileType = sourcecode.swift; path = APIConstants.swift; sourceTree = "<group>"; };
		4E7282E32A08166A00C172C5 /* ErrorConstants.swift */ = {isa = PBXFileReference; fileEncoding = 4; lastKnownFileType = sourcecode.swift; path = ErrorConstants.swift; sourceTree = "<group>"; };
		4E7282E42A08166A00C172C5 /* NetworkConstants.swift */ = {isa = PBXFileReference; fileEncoding = 4; lastKnownFileType = sourcecode.swift; path = NetworkConstants.swift; sourceTree = "<group>"; };
		4E7282E72A08166A00C172C5 /* APIServiceContract.swift */ = {isa = PBXFileReference; fileEncoding = 4; lastKnownFileType = sourcecode.swift; path = APIServiceContract.swift; sourceTree = "<group>"; };
		4E7282E82A08166A00C172C5 /* APIService.swift */ = {isa = PBXFileReference; fileEncoding = 4; lastKnownFileType = sourcecode.swift; path = APIService.swift; sourceTree = "<group>"; };
		4E7282EA2A08166A00C172C5 /* APIBuilder.swift */ = {isa = PBXFileReference; fileEncoding = 4; lastKnownFileType = sourcecode.swift; path = APIBuilder.swift; sourceTree = "<group>"; };
		4E7282EC2A08166A00C172C5 /* NetworkMethods.swift */ = {isa = PBXFileReference; fileEncoding = 4; lastKnownFileType = sourcecode.swift; path = NetworkMethods.swift; sourceTree = "<group>"; };
		4E7282ED2A08166A00C172C5 /* NetworkHeaders.swift */ = {isa = PBXFileReference; fileEncoding = 4; lastKnownFileType = sourcecode.swift; path = NetworkHeaders.swift; sourceTree = "<group>"; };
		4E7282EE2A08166A00C172C5 /* NetworkContentType.swift */ = {isa = PBXFileReference; fileEncoding = 4; lastKnownFileType = sourcecode.swift; path = NetworkContentType.swift; sourceTree = "<group>"; };
		4E7282EF2A08166A00C172C5 /* NetworkParameters.swift */ = {isa = PBXFileReference; fileEncoding = 4; lastKnownFileType = sourcecode.swift; path = NetworkParameters.swift; sourceTree = "<group>"; };
		4E72831B2A08180500C172C5 /* CurrentWeatherRepository.swift */ = {isa = PBXFileReference; fileEncoding = 4; lastKnownFileType = sourcecode.swift; path = CurrentWeatherRepository.swift; sourceTree = "<group>"; };
		4E72831E2A08180500C172C5 /* CurrentWeatherViewModel.swift */ = {isa = PBXFileReference; fileEncoding = 4; lastKnownFileType = sourcecode.swift; path = CurrentWeatherViewModel.swift; sourceTree = "<group>"; };
		4E7283202A08180500C172C5 /* CurrentWeatherVC.xib */ = {isa = PBXFileReference; fileEncoding = 4; lastKnownFileType = file.xib; path = CurrentWeatherVC.xib; sourceTree = "<group>"; };
		4E7283212A08180500C172C5 /* CurrentWeatherVC.swift */ = {isa = PBXFileReference; fileEncoding = 4; lastKnownFileType = sourcecode.swift; path = CurrentWeatherVC.swift; sourceTree = "<group>"; };
		4E7283242A08180500C172C5 /* GetCurrentWeatherUseCase.swift */ = {isa = PBXFileReference; fileEncoding = 4; lastKnownFileType = sourcecode.swift; path = GetCurrentWeatherUseCase.swift; sourceTree = "<group>"; };
		4E7283262A08180500C172C5 /* WeatherUnits.swift */ = {isa = PBXFileReference; fileEncoding = 4; lastKnownFileType = sourcecode.swift; path = WeatherUnits.swift; sourceTree = "<group>"; };
		4E7283272A08180500C172C5 /* GetCurrentWeatherResponse.swift */ = {isa = PBXFileReference; fileEncoding = 4; lastKnownFileType = sourcecode.swift; path = GetCurrentWeatherResponse.swift; sourceTree = "<group>"; };
		4E72832A2A08180500C172C5 /* CurrentWeatherViewModelContract.swift */ = {isa = PBXFileReference; fileEncoding = 4; lastKnownFileType = sourcecode.swift; path = CurrentWeatherViewModelContract.swift; sourceTree = "<group>"; };
		4E72832C2A08180500C172C5 /* CurrentWeatherRepositoryContract.swift */ = {isa = PBXFileReference; fileEncoding = 4; lastKnownFileType = sourcecode.swift; path = CurrentWeatherRepositoryContract.swift; sourceTree = "<group>"; };
		4E72832E2A08180500C172C5 /* GetCurrentWeatherUseCaseContract.swift */ = {isa = PBXFileReference; fileEncoding = 4; lastKnownFileType = sourcecode.swift; path = GetCurrentWeatherUseCaseContract.swift; sourceTree = "<group>"; };
		4E7283302A08180500C172C5 /* CurrentWeatherRepresentableModelContract.swift */ = {isa = PBXFileReference; fileEncoding = 4; lastKnownFileType = sourcecode.swift; path = CurrentWeatherRepresentableModelContract.swift; sourceTree = "<group>"; };
		4E7283312A08180500C172C5 /* GetCurrentWeatherSearchRequestModelContract.swift */ = {isa = PBXFileReference; fileEncoding = 4; lastKnownFileType = sourcecode.swift; path = GetCurrentWeatherSearchRequestModelContract.swift; sourceTree = "<group>"; };
		4E7283322A08180500C172C5 /* GetCurrentWeatherRequestModelContract.swift */ = {isa = PBXFileReference; fileEncoding = 4; lastKnownFileType = sourcecode.swift; path = GetCurrentWeatherRequestModelContract.swift; sourceTree = "<group>"; };
		4E7283412A08188A00C172C5 /* WeatherRepository.swift */ = {isa = PBXFileReference; lastKnownFileType = sourcecode.swift; path = WeatherRepository.swift; sourceTree = "<group>"; };
		4E7283462A0818C500C172C5 /* WeatherCell.swift */ = {isa = PBXFileReference; fileEncoding = 4; lastKnownFileType = sourcecode.swift; path = WeatherCell.swift; sourceTree = "<group>"; };
		4E7283472A0818C500C172C5 /* WeatherCell.xib */ = {isa = PBXFileReference; fileEncoding = 4; lastKnownFileType = file.xib; path = WeatherCell.xib; sourceTree = "<group>"; };
		4E72834B2A0818C500C172C5 /* HistoryViewModel.swift */ = {isa = PBXFileReference; fileEncoding = 4; lastKnownFileType = sourcecode.swift; path = HistoryViewModel.swift; sourceTree = "<group>"; };
		4E72834D2A0818C500C172C5 /* HistoryVC.xib */ = {isa = PBXFileReference; fileEncoding = 4; lastKnownFileType = file.xib; path = HistoryVC.xib; sourceTree = "<group>"; };
		4E72834E2A0818C500C172C5 /* HistoryVC.swift */ = {isa = PBXFileReference; fileEncoding = 4; lastKnownFileType = sourcecode.swift; path = HistoryVC.swift; sourceTree = "<group>"; };
		4E7283502A0818C500C172C5 /* HistoryCell.xib */ = {isa = PBXFileReference; fileEncoding = 4; lastKnownFileType = file.xib; path = HistoryCell.xib; sourceTree = "<group>"; };
		4E7283512A0818C500C172C5 /* HistoryCell.swift */ = {isa = PBXFileReference; fileEncoding = 4; lastKnownFileType = sourcecode.swift; path = HistoryCell.swift; sourceTree = "<group>"; };
		5FC91F93DD034BB42E4EF241 /* Pods-WeatherApp.debug.xcconfig */ = {isa = PBXFileReference; includeInIndex = 1; lastKnownFileType = text.xcconfig; name = "Pods-WeatherApp.debug.xcconfig"; path = "Target Support Files/Pods-WeatherApp/Pods-WeatherApp.debug.xcconfig"; sourceTree = "<group>"; };
		D605789A1B6219983D6AC328 /* Pods-WeatherApp.release.xcconfig */ = {isa = PBXFileReference; includeInIndex = 1; lastKnownFileType = text.xcconfig; name = "Pods-WeatherApp.release.xcconfig"; path = "Target Support Files/Pods-WeatherApp/Pods-WeatherApp.release.xcconfig"; sourceTree = "<group>"; };
/* End PBXFileReference section */

/* Begin PBXFrameworksBuildPhase section */
		4E72826A2A08111400C172C5 /* Frameworks */ = {
			isa = PBXFrameworksBuildPhase;
			buildActionMask = 2147483647;
			files = (
				049265EE7C732DF08623D02D /* Pods_WeatherApp.framework in Frameworks */,
			);
			runOnlyForDeploymentPostprocessing = 0;
		};
/* End PBXFrameworksBuildPhase section */

/* Begin PBXGroup section */
		4E7282642A08111400C172C5 = {
			isa = PBXGroup;
			children = (
				4E72826F2A08111400C172C5 /* WeatherApp */,
				4E72826E2A08111400C172C5 /* Products */,
				5543BF95AC4302A3F40295A9 /* Pods */,
				E0EEC44F9D187155BD006458 /* Frameworks */,
			);
			sourceTree = "<group>";
		};
		4E72826E2A08111400C172C5 /* Products */ = {
			isa = PBXGroup;
			children = (
				4E72826D2A08111400C172C5 /* WeatherApp.app */,
			);
			name = Products;
			sourceTree = "<group>";
		};
		4E72826F2A08111400C172C5 /* WeatherApp */ = {
			isa = PBXGroup;
			children = (
				4E7282892A0815FD00C172C5 /* Core */,
				4E7282882A0815F900C172C5 /* Modules */,
				4E7282872A0815EB00C172C5 /* Utilities */,
				4E7282852A0815C100C172C5 /* Application */,
				4E7282862A0815DA00C172C5 /* Resources */,
				4E7282842A0815B700C172C5 /* Configurations */,
			);
			path = WeatherApp;
			sourceTree = "<group>";
		};
		4E7282842A0815B700C172C5 /* Configurations */ = {
			isa = PBXGroup;
			children = (
				4E72827E2A08111500C172C5 /* Info.plist */,
			);
			path = Configurations;
			sourceTree = "<group>";
		};
		4E7282852A0815C100C172C5 /* Application */ = {
			isa = PBXGroup;
			children = (
				4E7282702A08111400C172C5 /* AppDelegate.swift */,
				4E7282722A08111400C172C5 /* SceneDelegate.swift */,
				4E72827B2A08111500C172C5 /* LaunchScreen.storyboard */,
			);
			path = Application;
			sourceTree = "<group>";
		};
		4E7282862A0815DA00C172C5 /* Resources */ = {
			isa = PBXGroup;
			children = (
				4E7282792A08111500C172C5 /* Assets.xcassets */,
			);
			path = Resources;
			sourceTree = "<group>";
		};
		4E7282872A0815EB00C172C5 /* Utilities */ = {
			isa = PBXGroup;
			children = (
				4E7282E52A08166A00C172C5 /* Networking */,
				4E7282CB2A08166900C172C5 /* Managers */,
				4E7282B12A08166900C172C5 /* Helpers */,
				4E7282E12A08166A00C172C5 /* Constants */,
			);
			path = Utilities;
			sourceTree = "<group>";
		};
		4E7282882A0815F900C172C5 /* Modules */ = {
			isa = PBXGroup;
			children = (
				4E7283432A0818C500C172C5 /* Shared */,
				4E7283142A0817A800C172C5 /* Weather */,
			);
			path = Modules;
			sourceTree = "<group>";
		};
		4E7282892A0815FD00C172C5 /* Core */ = {
			isa = PBXGroup;
			children = (
				4E72829B2A08162A00C172C5 /* Bases */,
				4E72828A2A08162A00C172C5 /* Components */,
			);
			path = Core;
			sourceTree = "<group>";
		};
		4E72828A2A08162A00C172C5 /* Components */ = {
			isa = PBXGroup;
			children = (
				4E72828B2A08162A00C172C5 /* Alert */,
				4E72828F2A08162A00C172C5 /* LoadingIndicator */,
				4E7282992A08162A00C172C5 /* AsyncImageView */,
			);
			path = Components;
			sourceTree = "<group>";
		};
		4E72828B2A08162A00C172C5 /* Alert */ = {
			isa = PBXGroup;
			children = (
				4E72828C2A08162A00C172C5 /* AlertAction.swift */,
				4E72828D2A08162A00C172C5 /* AlertDisplayer.swift */,
				4E72828E2A08162A00C172C5 /* AlertItem.swift */,
			);
			path = Alert;
			sourceTree = "<group>";
		};
		4E72828F2A08162A00C172C5 /* LoadingIndicator */ = {
			isa = PBXGroup;
			children = (
				4E7282902A08162A00C172C5 /* Displayer */,
				4E7282922A08162A00C172C5 /* Views */,
				4E7282952A08162A00C172C5 /* Helpers */,
			);
			path = LoadingIndicator;
			sourceTree = "<group>";
		};
		4E7282902A08162A00C172C5 /* Displayer */ = {
			isa = PBXGroup;
			children = (
				4E7282912A08162A00C172C5 /* ProgressDisplayer.swift */,
			);
			path = Displayer;
			sourceTree = "<group>";
		};
		4E7282922A08162A00C172C5 /* Views */ = {
			isa = PBXGroup;
			children = (
				4E7282932A08162A00C172C5 /* ProgressView.swift */,
				4E7282942A08162A00C172C5 /* ProgressHUD.swift */,
			);
			path = Views;
			sourceTree = "<group>";
		};
		4E7282952A08162A00C172C5 /* Helpers */ = {
			isa = PBXGroup;
			children = (
				4E7282962A08162A00C172C5 /* ProgressHUDAnimatedIcon.swift */,
				4E7282972A08162A00C172C5 /* ProgressHUDAlertIcon.swift */,
				4E7282982A08162A00C172C5 /* ProgressHUDAnimationType.swift */,
			);
			path = Helpers;
			sourceTree = "<group>";
		};
		4E7282992A08162A00C172C5 /* AsyncImageView */ = {
			isa = PBXGroup;
			children = (
				4E72829A2A08162A00C172C5 /* AsyncImageView.swift */,
			);
			path = AsyncImageView;
			sourceTree = "<group>";
		};
		4E72829B2A08162A00C172C5 /* Bases */ = {
			isa = PBXGroup;
			children = (
				4E72829C2A08162A00C172C5 /* ViewModel */,
				4E72829F2A08162A00C172C5 /* DisposeObject */,
				4E7282A12A08162A00C172C5 /* ViewController */,
			);
			path = Bases;
			sourceTree = "<group>";
		};
		4E72829C2A08162A00C172C5 /* ViewModel */ = {
			isa = PBXGroup;
			children = (
				4E72829D2A08162A00C172C5 /* BaseViewModel.swift */,
				4E72829E2A08162A00C172C5 /* ViewModelState.swift */,
			);
			path = ViewModel;
			sourceTree = "<group>";
		};
		4E72829F2A08162A00C172C5 /* DisposeObject */ = {
			isa = PBXGroup;
			children = (
				4E7282A02A08162A00C172C5 /* DisposeObject.swift */,
			);
			path = DisposeObject;
			sourceTree = "<group>";
		};
		4E7282A12A08162A00C172C5 /* ViewController */ = {
			isa = PBXGroup;
			children = (
				4E7282A22A08162A00C172C5 /* BaseViewController.swift */,
			);
			path = ViewController;
			sourceTree = "<group>";
		};
		4E7282B12A08166900C172C5 /* Helpers */ = {
			isa = PBXGroup;
			children = (
				4E7282B22A08166900C172C5 /* UIScrollView */,
				4E7282B42A08166900C172C5 /* Collection */,
				4E7282B62A08166900C172C5 /* UIApplication */,
				4E7282B92A08166900C172C5 /* Encodable */,
				4E7282BB2A08166900C172C5 /* Optional */,
				4E7282BD2A08166900C172C5 /* Decodable */,
				4E7282BF2A08166900C172C5 /* UITableView */,
				4E7282C12A08166900C172C5 /* Dictionary */,
				4E7282C32A08166900C172C5 /* View */,
				4E7282C52A08166900C172C5 /* String */,
				4E7282C72A08166900C172C5 /* NSObject */,
				4E7282C92A08166900C172C5 /* Data */,
			);
			path = Helpers;
			sourceTree = "<group>";
		};
		4E7282B22A08166900C172C5 /* UIScrollView */ = {
			isa = PBXGroup;
			children = (
				4E7282B32A08166900C172C5 /* UIScrollView+Helpers.swift */,
			);
			path = UIScrollView;
			sourceTree = "<group>";
		};
		4E7282B42A08166900C172C5 /* Collection */ = {
			isa = PBXGroup;
			children = (
				4E7282B52A08166900C172C5 /* Collection+Helpers.swift */,
			);
			path = Collection;
			sourceTree = "<group>";
		};
		4E7282B62A08166900C172C5 /* UIApplication */ = {
			isa = PBXGroup;
			children = (
				4E7282B72A08166900C172C5 /* UIApplication+UIHelpers.swift */,
			);
			path = UIApplication;
			sourceTree = "<group>";
		};
		4E7282B92A08166900C172C5 /* Encodable */ = {
			isa = PBXGroup;
			children = (
				4E7282BA2A08166900C172C5 /* Encodable+Helpers.swift */,
			);
			path = Encodable;
			sourceTree = "<group>";
		};
		4E7282BB2A08166900C172C5 /* Optional */ = {
			isa = PBXGroup;
			children = (
				4E7282BC2A08166900C172C5 /* Optional+Helpers.swift */,
			);
			path = Optional;
			sourceTree = "<group>";
		};
		4E7282BD2A08166900C172C5 /* Decodable */ = {
			isa = PBXGroup;
			children = (
				4E7282BE2A08166900C172C5 /* Decodable+Helpers.swift */,
			);
			path = Decodable;
			sourceTree = "<group>";
		};
		4E7282BF2A08166900C172C5 /* UITableView */ = {
			isa = PBXGroup;
			children = (
				4E7282C02A08166900C172C5 /* UITableView+Helpers.swift */,
			);
			path = UITableView;
			sourceTree = "<group>";
		};
		4E7282C12A08166900C172C5 /* Dictionary */ = {
			isa = PBXGroup;
			children = (
				4E7282C22A08166900C172C5 /* Dictionary+Helpers.swift */,
			);
			path = Dictionary;
			sourceTree = "<group>";
		};
		4E7282C32A08166900C172C5 /* View */ = {
			isa = PBXGroup;
			children = (
				4E7282C42A08166900C172C5 /* View+Helpers.swift */,
			);
			path = View;
			sourceTree = "<group>";
		};
		4E7282C52A08166900C172C5 /* String */ = {
			isa = PBXGroup;
			children = (
				4E7282C62A08166900C172C5 /* String+Helpers.swift */,
			);
			path = String;
			sourceTree = "<group>";
		};
		4E7282C72A08166900C172C5 /* NSObject */ = {
			isa = PBXGroup;
			children = (
				4E7282C82A08166900C172C5 /* NSObject+Helpers.swift */,
			);
			path = NSObject;
			sourceTree = "<group>";
		};
		4E7282C92A08166900C172C5 /* Data */ = {
			isa = PBXGroup;
			children = (
				4E7282CA2A08166900C172C5 /* Data+Helpers.swift */,
			);
			path = Data;
			sourceTree = "<group>";
		};
		4E7282CB2A08166900C172C5 /* Managers */ = {
			isa = PBXGroup;
			children = (
				4E7282CC2A08166900C172C5 /* Location */,
				4E7282D02A08166900C172C5 /* WeatherHistory */,
				4E7282D32A08166900C172C5 /* UserDefaultsManager */,
				4E7282D62A08166900C172C5 /* Environment */,
				4E7282DB2A08166900C172C5 /* Error */,
			);
			path = Managers;
			sourceTree = "<group>";
		};
		4E7282CC2A08166900C172C5 /* Location */ = {
			isa = PBXGroup;
			children = (
				4E7282CD2A08166900C172C5 /* LocationCoordinate.swift */,
				4E7282CE2A08166900C172C5 /* LocationManagerContract.swift */,
				4E7282CF2A08166900C172C5 /* LocationManager.swift */,
			);
			path = Location;
			sourceTree = "<group>";
		};
		4E7282D02A08166900C172C5 /* WeatherHistory */ = {
			isa = PBXGroup;
			children = (
				4E7282D12A08166900C172C5 /* CacheManager.swift */,
				4E7282D22A08166900C172C5 /* CacheManagerContract.swift */,
			);
			path = WeatherHistory;
			sourceTree = "<group>";
		};
		4E7282D32A08166900C172C5 /* UserDefaultsManager */ = {
			isa = PBXGroup;
			children = (
				4E7282D42A08166900C172C5 /* UserDefaultsKeys.swift */,
				4E7282D52A08166900C172C5 /* UserDefaultsManager.swift */,
			);
			path = UserDefaultsManager;
			sourceTree = "<group>";
		};
		4E7282D62A08166900C172C5 /* Environment */ = {
			isa = PBXGroup;
			children = (
				4E7282D72A08166900C172C5 /* EnvironmentManager.swift */,
				4E7282D82A08166900C172C5 /* EnvironmentManagerContract.swift */,
				4E7282D92A08166900C172C5 /* Helpers */,
			);
			path = Environment;
			sourceTree = "<group>";
		};
		4E7282D92A08166900C172C5 /* Helpers */ = {
			isa = PBXGroup;
			children = (
				4E7282DA2A08166900C172C5 /* UserDefined.swift */,
			);
			path = Helpers;
			sourceTree = "<group>";
		};
		4E7282DB2A08166900C172C5 /* Error */ = {
			isa = PBXGroup;
			children = (
				4E7282DF2A08166900C172C5 /* ErrorResolver.swift */,
				4E7282E02A08166900C172C5 /* ErrorResolverContract.swift */,
				4E7282DC2A08166900C172C5 /* Entity */,
			);
			path = Error;
			sourceTree = "<group>";
		};
		4E7282DC2A08166900C172C5 /* Entity */ = {
			isa = PBXGroup;
			children = (
				4E7282DD2A08166900C172C5 /* ErrorType.swift */,
				4E7282DE2A08166900C172C5 /* BaseError.swift */,
			);
			path = Entity;
			sourceTree = "<group>";
		};
		4E7282E12A08166A00C172C5 /* Constants */ = {
			isa = PBXGroup;
			children = (
				4E7282E22A08166A00C172C5 /* APIConstants.swift */,
				4E7282E32A08166A00C172C5 /* ErrorConstants.swift */,
				4E7282E42A08166A00C172C5 /* NetworkConstants.swift */,
			);
			path = Constants;
			sourceTree = "<group>";
		};
		4E7282E52A08166A00C172C5 /* Networking */ = {
			isa = PBXGroup;
			children = (
				4E7282E62A08166A00C172C5 /* Service */,
				4E7282E92A08166A00C172C5 /* Builder */,
				4E7282EB2A08166A00C172C5 /* Helpers */,
			);
			path = Networking;
			sourceTree = "<group>";
		};
		4E7282E62A08166A00C172C5 /* Service */ = {
			isa = PBXGroup;
			children = (
				4E7282E72A08166A00C172C5 /* APIServiceContract.swift */,
				4E7282E82A08166A00C172C5 /* APIService.swift */,
			);
			path = Service;
			sourceTree = "<group>";
		};
		4E7282E92A08166A00C172C5 /* Builder */ = {
			isa = PBXGroup;
			children = (
				4E7282EA2A08166A00C172C5 /* APIBuilder.swift */,
			);
			path = Builder;
			sourceTree = "<group>";
		};
		4E7282EB2A08166A00C172C5 /* Helpers */ = {
			isa = PBXGroup;
			children = (
				4E7282EC2A08166A00C172C5 /* NetworkMethods.swift */,
				4E7282ED2A08166A00C172C5 /* NetworkHeaders.swift */,
				4E7282EE2A08166A00C172C5 /* NetworkContentType.swift */,
				4E7282EF2A08166A00C172C5 /* NetworkParameters.swift */,
			);
			path = Helpers;
			sourceTree = "<group>";
		};
		4E7283142A0817A800C172C5 /* Weather */ = {
			isa = PBXGroup;
			children = (
				4E7283402A08187B00C172C5 /* Repository */,
				4E7283172A0817BE00C172C5 /* Forecast */,
				4E7283162A0817B600C172C5 /* Current Weather */,
				4E7283152A0817B000C172C5 /* Dashboard */,
			);
			path = Weather;
			sourceTree = "<group>";
		};
		4E7283152A0817B000C172C5 /* Dashboard */ = {
			isa = PBXGroup;
			children = (
			);
			path = Dashboard;
			sourceTree = "<group>";
		};
		4E7283162A0817B600C172C5 /* Current Weather */ = {
			isa = PBXGroup;
			children = (
				4E72831A2A08180500C172C5 /* Data */,
				4E7283222A08180500C172C5 /* Domain */,
				4E72831C2A08180500C172C5 /* Presentation */,
			);
			path = "Current Weather";
			sourceTree = "<group>";
		};
		4E7283172A0817BE00C172C5 /* Forecast */ = {
			isa = PBXGroup;
			children = (
			);
			path = Forecast;
			sourceTree = "<group>";
		};
		4E72831A2A08180500C172C5 /* Data */ = {
			isa = PBXGroup;
			children = (
				4E72831B2A08180500C172C5 /* CurrentWeatherRepository.swift */,
			);
			path = Data;
			sourceTree = "<group>";
		};
		4E72831C2A08180500C172C5 /* Presentation */ = {
			isa = PBXGroup;
			children = (
				4E72831D2A08180500C172C5 /* ViewModel */,
				4E72831F2A08180500C172C5 /* View */,
			);
			path = Presentation;
			sourceTree = "<group>";
		};
		4E72831D2A08180500C172C5 /* ViewModel */ = {
			isa = PBXGroup;
			children = (
				4E72831E2A08180500C172C5 /* CurrentWeatherViewModel.swift */,
			);
			path = ViewModel;
			sourceTree = "<group>";
		};
		4E72831F2A08180500C172C5 /* View */ = {
			isa = PBXGroup;
			children = (
				4E7283202A08180500C172C5 /* CurrentWeatherVC.xib */,
				4E7283212A08180500C172C5 /* CurrentWeatherVC.swift */,
			);
			path = View;
			sourceTree = "<group>";
		};
		4E7283222A08180500C172C5 /* Domain */ = {
			isa = PBXGroup;
			children = (
				4E7283232A08180500C172C5 /* UseCases */,
				4E7283252A08180500C172C5 /* Entities */,
				4E7283282A08180500C172C5 /* Interfaces */,
			);
			path = Domain;
			sourceTree = "<group>";
		};
		4E7283232A08180500C172C5 /* UseCases */ = {
			isa = PBXGroup;
			children = (
				4E7283242A08180500C172C5 /* GetCurrentWeatherUseCase.swift */,
			);
			path = UseCases;
			sourceTree = "<group>";
		};
		4E7283252A08180500C172C5 /* Entities */ = {
			isa = PBXGroup;
			children = (
				4E7283262A08180500C172C5 /* WeatherUnits.swift */,
				4E7283272A08180500C172C5 /* GetCurrentWeatherResponse.swift */,
			);
			path = Entities;
			sourceTree = "<group>";
		};
		4E7283282A08180500C172C5 /* Interfaces */ = {
			isa = PBXGroup;
			children = (
				4E7283292A08180500C172C5 /* ViewModel */,
				4E72832B2A08180500C172C5 /* Repository */,
				4E72832D2A08180500C172C5 /* UseCases */,
				4E72832F2A08180500C172C5 /* Entities */,
			);
			path = Interfaces;
			sourceTree = "<group>";
		};
		4E7283292A08180500C172C5 /* ViewModel */ = {
			isa = PBXGroup;
			children = (
				4E72832A2A08180500C172C5 /* CurrentWeatherViewModelContract.swift */,
			);
			path = ViewModel;
			sourceTree = "<group>";
		};
		4E72832B2A08180500C172C5 /* Repository */ = {
			isa = PBXGroup;
			children = (
				4E72832C2A08180500C172C5 /* CurrentWeatherRepositoryContract.swift */,
			);
			path = Repository;
			sourceTree = "<group>";
		};
		4E72832D2A08180500C172C5 /* UseCases */ = {
			isa = PBXGroup;
			children = (
				4E72832E2A08180500C172C5 /* GetCurrentWeatherUseCaseContract.swift */,
			);
			path = UseCases;
			sourceTree = "<group>";
		};
		4E72832F2A08180500C172C5 /* Entities */ = {
			isa = PBXGroup;
			children = (
				4E7283302A08180500C172C5 /* CurrentWeatherRepresentableModelContract.swift */,
				4E7283312A08180500C172C5 /* GetCurrentWeatherSearchRequestModelContract.swift */,
				4E7283322A08180500C172C5 /* GetCurrentWeatherRequestModelContract.swift */,
			);
			path = Entities;
			sourceTree = "<group>";
		};
		4E7283402A08187B00C172C5 /* Repository */ = {
			isa = PBXGroup;
			children = (
				4E7283412A08188A00C172C5 /* WeatherRepository.swift */,
			);
			path = Repository;
			sourceTree = "<group>";
		};
		4E7283432A0818C500C172C5 /* Shared */ = {
			isa = PBXGroup;
			children = (
				4E7283442A0818C500C172C5 /* TableViewCells */,
				4E7283482A0818C500C172C5 /* Views */,
			);
			path = Shared;
			sourceTree = "<group>";
		};
		4E7283442A0818C500C172C5 /* TableViewCells */ = {
			isa = PBXGroup;
			children = (
				4E7283452A0818C500C172C5 /* WeatherCell */,
			);
			path = TableViewCells;
			sourceTree = "<group>";
		};
		4E7283452A0818C500C172C5 /* WeatherCell */ = {
			isa = PBXGroup;
			children = (
				4E7283462A0818C500C172C5 /* WeatherCell.swift */,
				4E7283472A0818C500C172C5 /* WeatherCell.xib */,
			);
			path = WeatherCell;
			sourceTree = "<group>";
		};
		4E7283482A0818C500C172C5 /* Views */ = {
			isa = PBXGroup;
			children = (
				4E7283492A0818C500C172C5 /* HistoryVC */,
			);
			path = Views;
			sourceTree = "<group>";
		};
		4E7283492A0818C500C172C5 /* HistoryVC */ = {
			isa = PBXGroup;
			children = (
				4E72834A2A0818C500C172C5 /* ViewModel */,
				4E72834C2A0818C500C172C5 /* View */,
			);
			path = HistoryVC;
			sourceTree = "<group>";
		};
		4E72834A2A0818C500C172C5 /* ViewModel */ = {
			isa = PBXGroup;
			children = (
				4E72834B2A0818C500C172C5 /* HistoryViewModel.swift */,
			);
			path = ViewModel;
			sourceTree = "<group>";
		};
		4E72834C2A0818C500C172C5 /* View */ = {
			isa = PBXGroup;
			children = (
				4E72834D2A0818C500C172C5 /* HistoryVC.xib */,
				4E72834E2A0818C500C172C5 /* HistoryVC.swift */,
				4E72834F2A0818C500C172C5 /* HistoryCell */,
			);
			path = View;
			sourceTree = "<group>";
		};
		4E72834F2A0818C500C172C5 /* HistoryCell */ = {
			isa = PBXGroup;
			children = (
				4E7283502A0818C500C172C5 /* HistoryCell.xib */,
				4E7283512A0818C500C172C5 /* HistoryCell.swift */,
			);
			path = HistoryCell;
			sourceTree = "<group>";
		};
		5543BF95AC4302A3F40295A9 /* Pods */ = {
			isa = PBXGroup;
			children = (
				5FC91F93DD034BB42E4EF241 /* Pods-WeatherApp.debug.xcconfig */,
				D605789A1B6219983D6AC328 /* Pods-WeatherApp.release.xcconfig */,
			);
			path = Pods;
			sourceTree = "<group>";
		};
		E0EEC44F9D187155BD006458 /* Frameworks */ = {
			isa = PBXGroup;
			children = (
				17F8D7B43286C350CF6518D0 /* Pods_WeatherApp.framework */,
			);
			name = Frameworks;
			sourceTree = "<group>";
		};
/* End PBXGroup section */

/* Begin PBXNativeTarget section */
		4E72826C2A08111400C172C5 /* WeatherApp */ = {
			isa = PBXNativeTarget;
			buildConfigurationList = 4E7282812A08111500C172C5 /* Build configuration list for PBXNativeTarget "WeatherApp" */;
			buildPhases = (
				7A583CB36B2A8FAB9B708F0B /* [CP] Check Pods Manifest.lock */,
				4E7282692A08111400C172C5 /* Sources */,
				4E72826A2A08111400C172C5 /* Frameworks */,
				4E72826B2A08111400C172C5 /* Resources */,
				ABE1FA2DEBABCC39B224234E /* [CP] Embed Pods Frameworks */,
			);
			buildRules = (
			);
			dependencies = (
			);
			name = WeatherApp;
			productName = WeatherApp;
			productReference = 4E72826D2A08111400C172C5 /* WeatherApp.app */;
			productType = "com.apple.product-type.application";
		};
/* End PBXNativeTarget section */

/* Begin PBXProject section */
		4E7282652A08111400C172C5 /* Project object */ = {
			isa = PBXProject;
			attributes = {
				BuildIndependentTargetsInParallel = 1;
				LastSwiftUpdateCheck = 1420;
				LastUpgradeCheck = 1420;
				TargetAttributes = {
					4E72826C2A08111400C172C5 = {
						CreatedOnToolsVersion = 14.2;
					};
				};
			};
			buildConfigurationList = 4E7282682A08111400C172C5 /* Build configuration list for PBXProject "WeatherApp" */;
			compatibilityVersion = "Xcode 14.0";
			developmentRegion = en;
			hasScannedForEncodings = 0;
			knownRegions = (
				en,
				Base,
			);
			mainGroup = 4E7282642A08111400C172C5;
			productRefGroup = 4E72826E2A08111400C172C5 /* Products */;
			projectDirPath = "";
			projectRoot = "";
			targets = (
				4E72826C2A08111400C172C5 /* WeatherApp */,
			);
		};
/* End PBXProject section */

/* Begin PBXResourcesBuildPhase section */
		4E72826B2A08111400C172C5 /* Resources */ = {
			isa = PBXResourcesBuildPhase;
			buildActionMask = 2147483647;
			files = (
				4E72827D2A08111500C172C5 /* LaunchScreen.storyboard in Resources */,
				4E7283572A0818C500C172C5 /* HistoryCell.xib in Resources */,
				4E7283352A08180500C172C5 /* CurrentWeatherVC.xib in Resources */,
				4E72827A2A08111500C172C5 /* Assets.xcassets in Resources */,
				4E7283552A0818C500C172C5 /* HistoryVC.xib in Resources */,
				4E7283532A0818C500C172C5 /* WeatherCell.xib in Resources */,
			);
			runOnlyForDeploymentPostprocessing = 0;
		};
/* End PBXResourcesBuildPhase section */

/* Begin PBXShellScriptBuildPhase section */
		7A583CB36B2A8FAB9B708F0B /* [CP] Check Pods Manifest.lock */ = {
			isa = PBXShellScriptBuildPhase;
			buildActionMask = 2147483647;
			files = (
			);
			inputFileListPaths = (
			);
			inputPaths = (
				"${PODS_PODFILE_DIR_PATH}/Podfile.lock",
				"${PODS_ROOT}/Manifest.lock",
			);
			name = "[CP] Check Pods Manifest.lock";
			outputFileListPaths = (
			);
			outputPaths = (
				"$(DERIVED_FILE_DIR)/Pods-WeatherApp-checkManifestLockResult.txt",
			);
			runOnlyForDeploymentPostprocessing = 0;
			shellPath = /bin/sh;
			shellScript = "diff \"${PODS_PODFILE_DIR_PATH}/Podfile.lock\" \"${PODS_ROOT}/Manifest.lock\" > /dev/null\nif [ $? != 0 ] ; then\n    # print error to STDERR\n    echo \"error: The sandbox is not in sync with the Podfile.lock. Run 'pod install' or update your CocoaPods installation.\" >&2\n    exit 1\nfi\n# This output is used by Xcode 'outputs' to avoid re-running this script phase.\necho \"SUCCESS\" > \"${SCRIPT_OUTPUT_FILE_0}\"\n";
			showEnvVarsInLog = 0;
		};
		ABE1FA2DEBABCC39B224234E /* [CP] Embed Pods Frameworks */ = {
			isa = PBXShellScriptBuildPhase;
			buildActionMask = 2147483647;
			files = (
			);
			inputFileListPaths = (
				"${PODS_ROOT}/Target Support Files/Pods-WeatherApp/Pods-WeatherApp-frameworks-${CONFIGURATION}-input-files.xcfilelist",
			);
			name = "[CP] Embed Pods Frameworks";
			outputFileListPaths = (
				"${PODS_ROOT}/Target Support Files/Pods-WeatherApp/Pods-WeatherApp-frameworks-${CONFIGURATION}-output-files.xcfilelist",
			);
			runOnlyForDeploymentPostprocessing = 0;
			shellPath = /bin/sh;
			shellScript = "\"${PODS_ROOT}/Target Support Files/Pods-WeatherApp/Pods-WeatherApp-frameworks.sh\"\n";
			showEnvVarsInLog = 0;
		};
/* End PBXShellScriptBuildPhase section */

/* Begin PBXSourcesBuildPhase section */
		4E7282692A08111400C172C5 /* Sources */ = {
			isa = PBXSourcesBuildPhase;
			buildActionMask = 2147483647;
			files = (
				4E7283052A08166A00C172C5 /* UserDefined.swift in Sources */,
				4E7282AC2A08162A00C172C5 /* AsyncImageView.swift in Sources */,
				4E7282F42A08166A00C172C5 /* Optional+Helpers.swift in Sources */,
				4E7282F02A08166A00C172C5 /* UIScrollView+Helpers.swift in Sources */,
				4E7282FA2A08166A00C172C5 /* NSObject+Helpers.swift in Sources */,
				4E7283132A08166A00C172C5 /* NetworkParameters.swift in Sources */,
				4E7283042A08166A00C172C5 /* EnvironmentManagerContract.swift in Sources */,
				4E7283062A08166A00C172C5 /* ErrorType.swift in Sources */,
				4E7282FE2A08166A00C172C5 /* LocationManager.swift in Sources */,
				4E7283112A08166A00C172C5 /* NetworkHeaders.swift in Sources */,
				4E7282F52A08166A00C172C5 /* Decodable+Helpers.swift in Sources */,
				4E7282A92A08162A00C172C5 /* ProgressHUDAnimatedIcon.swift in Sources */,
				4E72830D2A08166A00C172C5 /* APIServiceContract.swift in Sources */,
				4E72833E2A08180500C172C5 /* GetCurrentWeatherSearchRequestModelContract.swift in Sources */,
				4E7282F12A08166A00C172C5 /* Collection+Helpers.swift in Sources */,
				4E7282FB2A08166A00C172C5 /* Data+Helpers.swift in Sources */,
				4E72830A2A08166A00C172C5 /* APIConstants.swift in Sources */,
				4E7282AD2A08162A00C172C5 /* BaseViewModel.swift in Sources */,
				4E7282A52A08162A00C172C5 /* AlertItem.swift in Sources */,
				4E7282F72A08166A00C172C5 /* Dictionary+Helpers.swift in Sources */,
				4E7282AE2A08162A00C172C5 /* ViewModelState.swift in Sources */,
				4E7283022A08166A00C172C5 /* UserDefaultsManager.swift in Sources */,
				4E7282A82A08162A00C172C5 /* ProgressHUD.swift in Sources */,
				4E72833D2A08180500C172C5 /* CurrentWeatherRepresentableModelContract.swift in Sources */,
				4E7283372A08180500C172C5 /* GetCurrentWeatherUseCase.swift in Sources */,
				4E7282B02A08162A00C172C5 /* BaseViewController.swift in Sources */,
				4E72830E2A08166A00C172C5 /* APIService.swift in Sources */,
				4E7282712A08111400C172C5 /* AppDelegate.swift in Sources */,
				4E72830C2A08166A00C172C5 /* NetworkConstants.swift in Sources */,
				4E7282FC2A08166A00C172C5 /* LocationCoordinate.swift in Sources */,
				4E7282A32A08162A00C172C5 /* AlertAction.swift in Sources */,
				4E7283362A08180500C172C5 /* CurrentWeatherVC.swift in Sources */,
				4E7282A42A08162A00C172C5 /* AlertDisplayer.swift in Sources */,
				4E7283382A08180500C172C5 /* WeatherUnits.swift in Sources */,
				4E72830B2A08166A00C172C5 /* ErrorConstants.swift in Sources */,
				4E7283032A08166A00C172C5 /* EnvironmentManager.swift in Sources */,
				4E7283342A08180500C172C5 /* CurrentWeatherViewModel.swift in Sources */,
				4E7282AA2A08162A00C172C5 /* ProgressHUDAlertIcon.swift in Sources */,
				4E7282A72A08162A00C172C5 /* ProgressView.swift in Sources */,
				4E7283012A08166A00C172C5 /* UserDefaultsKeys.swift in Sources */,
				4E7282AF2A08162A00C172C5 /* DisposeObject.swift in Sources */,
				4E7283422A08188A00C172C5 /* WeatherRepository.swift in Sources */,
				4E7282AB2A08162A00C172C5 /* ProgressHUDAnimationType.swift in Sources */,
				4E72833F2A08180500C172C5 /* GetCurrentWeatherRequestModelContract.swift in Sources */,
				4E7282F62A08166A00C172C5 /* UITableView+Helpers.swift in Sources */,
				4E7283522A0818C500C172C5 /* WeatherCell.swift in Sources */,
				4E7282F32A08166A00C172C5 /* Encodable+Helpers.swift in Sources */,
				4E72833B2A08180500C172C5 /* CurrentWeatherRepositoryContract.swift in Sources */,
				4E7283102A08166A00C172C5 /* NetworkMethods.swift in Sources */,
				4E7282FD2A08166A00C172C5 /* LocationManagerContract.swift in Sources */,
				4E7282A62A08162A00C172C5 /* ProgressDisplayer.swift in Sources */,
				4E7283392A08180500C172C5 /* GetCurrentWeatherResponse.swift in Sources */,
				4E7282FF2A08166A00C172C5 /* CacheManager.swift in Sources */,
				4E7283072A08166A00C172C5 /* BaseError.swift in Sources */,
				4E7283562A0818C500C172C5 /* HistoryVC.swift in Sources */,
				4E7283542A0818C500C172C5 /* HistoryViewModel.swift in Sources */,
				4E72830F2A08166A00C172C5 /* APIBuilder.swift in Sources */,
				4E7282F92A08166A00C172C5 /* String+Helpers.swift in Sources */,
				4E7283002A08166A00C172C5 /* CacheManagerContract.swift in Sources */,
				4E7283122A08166A00C172C5 /* NetworkContentType.swift in Sources */,
				4E7283082A08166A00C172C5 /* ErrorResolver.swift in Sources */,
				4E72833C2A08180500C172C5 /* GetCurrentWeatherUseCaseContract.swift in Sources */,
				4E7282F22A08166A00C172C5 /* UIApplication+UIHelpers.swift in Sources */,
				4E7283582A0818C500C172C5 /* HistoryCell.swift in Sources */,
				4E7282F82A08166A00C172C5 /* View+Helpers.swift in Sources */,
				4E7282732A08111400C172C5 /* SceneDelegate.swift in Sources */,
				4E72833A2A08180500C172C5 /* CurrentWeatherViewModelContract.swift in Sources */,
				4E7283332A08180500C172C5 /* CurrentWeatherRepository.swift in Sources */,
				4E7283092A08166A00C172C5 /* ErrorResolverContract.swift in Sources */,
			);
			runOnlyForDeploymentPostprocessing = 0;
		};
/* End PBXSourcesBuildPhase section */

/* Begin PBXVariantGroup section */
		4E72827B2A08111500C172C5 /* LaunchScreen.storyboard */ = {
			isa = PBXVariantGroup;
			children = (
				4E72827C2A08111500C172C5 /* Base */,
			);
			name = LaunchScreen.storyboard;
			sourceTree = "<group>";
		};
/* End PBXVariantGroup section */

/* Begin XCBuildConfiguration section */
		4E72827F2A08111500C172C5 /* Debug */ = {
			isa = XCBuildConfiguration;
			buildSettings = {
				ALWAYS_SEARCH_USER_PATHS = NO;
				CLANG_ANALYZER_NONNULL = YES;
				CLANG_ANALYZER_NUMBER_OBJECT_CONVERSION = YES_AGGRESSIVE;
				CLANG_CXX_LANGUAGE_STANDARD = "gnu++20";
				CLANG_ENABLE_MODULES = YES;
				CLANG_ENABLE_OBJC_ARC = YES;
				CLANG_ENABLE_OBJC_WEAK = YES;
				CLANG_WARN_BLOCK_CAPTURE_AUTORELEASING = YES;
				CLANG_WARN_BOOL_CONVERSION = YES;
				CLANG_WARN_COMMA = YES;
				CLANG_WARN_CONSTANT_CONVERSION = YES;
				CLANG_WARN_DEPRECATED_OBJC_IMPLEMENTATIONS = YES;
				CLANG_WARN_DIRECT_OBJC_ISA_USAGE = YES_ERROR;
				CLANG_WARN_DOCUMENTATION_COMMENTS = YES;
				CLANG_WARN_EMPTY_BODY = YES;
				CLANG_WARN_ENUM_CONVERSION = YES;
				CLANG_WARN_INFINITE_RECURSION = YES;
				CLANG_WARN_INT_CONVERSION = YES;
				CLANG_WARN_NON_LITERAL_NULL_CONVERSION = YES;
				CLANG_WARN_OBJC_IMPLICIT_RETAIN_SELF = YES;
				CLANG_WARN_OBJC_LITERAL_CONVERSION = YES;
				CLANG_WARN_OBJC_ROOT_CLASS = YES_ERROR;
				CLANG_WARN_QUOTED_INCLUDE_IN_FRAMEWORK_HEADER = YES;
				CLANG_WARN_RANGE_LOOP_ANALYSIS = YES;
				CLANG_WARN_STRICT_PROTOTYPES = YES;
				CLANG_WARN_SUSPICIOUS_MOVE = YES;
				CLANG_WARN_UNGUARDED_AVAILABILITY = YES_AGGRESSIVE;
				CLANG_WARN_UNREACHABLE_CODE = YES;
				CLANG_WARN__DUPLICATE_METHOD_MATCH = YES;
				COPY_PHASE_STRIP = NO;
				DEBUG_INFORMATION_FORMAT = dwarf;
				ENABLE_STRICT_OBJC_MSGSEND = YES;
				ENABLE_TESTABILITY = YES;
				GCC_C_LANGUAGE_STANDARD = gnu11;
				GCC_DYNAMIC_NO_PIC = NO;
				GCC_NO_COMMON_BLOCKS = YES;
				GCC_OPTIMIZATION_LEVEL = 0;
				GCC_PREPROCESSOR_DEFINITIONS = (
					"DEBUG=1",
					"$(inherited)",
				);
				GCC_WARN_64_TO_32_BIT_CONVERSION = YES;
				GCC_WARN_ABOUT_RETURN_TYPE = YES_ERROR;
				GCC_WARN_UNDECLARED_SELECTOR = YES;
				GCC_WARN_UNINITIALIZED_AUTOS = YES_AGGRESSIVE;
				GCC_WARN_UNUSED_FUNCTION = YES;
				GCC_WARN_UNUSED_VARIABLE = YES;
				IPHONEOS_DEPLOYMENT_TARGET = 14.0;
				MTL_ENABLE_DEBUG_INFO = INCLUDE_SOURCE;
				MTL_FAST_MATH = YES;
				ONLY_ACTIVE_ARCH = YES;
				SDKROOT = iphoneos;
				SWIFT_ACTIVE_COMPILATION_CONDITIONS = DEBUG;
				SWIFT_OPTIMIZATION_LEVEL = "-Onone";
			};
			name = Debug;
		};
		4E7282802A08111500C172C5 /* Release */ = {
			isa = XCBuildConfiguration;
			buildSettings = {
				ALWAYS_SEARCH_USER_PATHS = NO;
				CLANG_ANALYZER_NONNULL = YES;
				CLANG_ANALYZER_NUMBER_OBJECT_CONVERSION = YES_AGGRESSIVE;
				CLANG_CXX_LANGUAGE_STANDARD = "gnu++20";
				CLANG_ENABLE_MODULES = YES;
				CLANG_ENABLE_OBJC_ARC = YES;
				CLANG_ENABLE_OBJC_WEAK = YES;
				CLANG_WARN_BLOCK_CAPTURE_AUTORELEASING = YES;
				CLANG_WARN_BOOL_CONVERSION = YES;
				CLANG_WARN_COMMA = YES;
				CLANG_WARN_CONSTANT_CONVERSION = YES;
				CLANG_WARN_DEPRECATED_OBJC_IMPLEMENTATIONS = YES;
				CLANG_WARN_DIRECT_OBJC_ISA_USAGE = YES_ERROR;
				CLANG_WARN_DOCUMENTATION_COMMENTS = YES;
				CLANG_WARN_EMPTY_BODY = YES;
				CLANG_WARN_ENUM_CONVERSION = YES;
				CLANG_WARN_INFINITE_RECURSION = YES;
				CLANG_WARN_INT_CONVERSION = YES;
				CLANG_WARN_NON_LITERAL_NULL_CONVERSION = YES;
				CLANG_WARN_OBJC_IMPLICIT_RETAIN_SELF = YES;
				CLANG_WARN_OBJC_LITERAL_CONVERSION = YES;
				CLANG_WARN_OBJC_ROOT_CLASS = YES_ERROR;
				CLANG_WARN_QUOTED_INCLUDE_IN_FRAMEWORK_HEADER = YES;
				CLANG_WARN_RANGE_LOOP_ANALYSIS = YES;
				CLANG_WARN_STRICT_PROTOTYPES = YES;
				CLANG_WARN_SUSPICIOUS_MOVE = YES;
				CLANG_WARN_UNGUARDED_AVAILABILITY = YES_AGGRESSIVE;
				CLANG_WARN_UNREACHABLE_CODE = YES;
				CLANG_WARN__DUPLICATE_METHOD_MATCH = YES;
				COPY_PHASE_STRIP = NO;
				DEBUG_INFORMATION_FORMAT = "dwarf-with-dsym";
				ENABLE_NS_ASSERTIONS = NO;
				ENABLE_STRICT_OBJC_MSGSEND = YES;
				GCC_C_LANGUAGE_STANDARD = gnu11;
				GCC_NO_COMMON_BLOCKS = YES;
				GCC_WARN_64_TO_32_BIT_CONVERSION = YES;
				GCC_WARN_ABOUT_RETURN_TYPE = YES_ERROR;
				GCC_WARN_UNDECLARED_SELECTOR = YES;
				GCC_WARN_UNINITIALIZED_AUTOS = YES_AGGRESSIVE;
				GCC_WARN_UNUSED_FUNCTION = YES;
				GCC_WARN_UNUSED_VARIABLE = YES;
				IPHONEOS_DEPLOYMENT_TARGET = 14.0;
				MTL_ENABLE_DEBUG_INFO = NO;
				MTL_FAST_MATH = YES;
				SDKROOT = iphoneos;
				SWIFT_COMPILATION_MODE = wholemodule;
				SWIFT_OPTIMIZATION_LEVEL = "-O";
				VALIDATE_PRODUCT = YES;
			};
			name = Release;
		};
		4E7282822A08111500C172C5 /* Debug */ = {
			isa = XCBuildConfiguration;
			baseConfigurationReference = 5FC91F93DD034BB42E4EF241 /* Pods-WeatherApp.debug.xcconfig */;
			buildSettings = {
				API_KEY = 552c86049cbb1185f0edd90cc45af6ba;
				ASSETCATALOG_COMPILER_APPICON_NAME = AppIcon;
				ASSETCATALOG_COMPILER_GLOBAL_ACCENT_COLOR_NAME = AccentColor;
				CODE_SIGN_STYLE = Automatic;
				CURRENT_PROJECT_VERSION = 1;
				DEVELOPMENT_TEAM = 28U3K645XS;
				GENERATE_INFOPLIST_FILE = YES;
				INFOPLIST_FILE = WeatherApp/Configurations/Info.plist;
				INFOPLIST_KEY_UIApplicationSupportsIndirectInputEvents = YES;
				INFOPLIST_KEY_UILaunchStoryboardName = LaunchScreen;
				INFOPLIST_KEY_UISupportedInterfaceOrientations_iPad = "UIInterfaceOrientationPortrait UIInterfaceOrientationPortraitUpsideDown UIInterfaceOrientationLandscapeLeft UIInterfaceOrientationLandscapeRight";
				INFOPLIST_KEY_UISupportedInterfaceOrientations_iPhone = "UIInterfaceOrientationPortrait UIInterfaceOrientationLandscapeLeft UIInterfaceOrientationLandscapeRight";
				IPHONEOS_DEPLOYMENT_TARGET = 14.0;
				LD_RUNPATH_SEARCH_PATHS = (
					"$(inherited)",
					"@executable_path/Frameworks",
				);
				MARKETING_VERSION = 1.0;
				PRODUCT_BUNDLE_IDENTIFIER = com.abdelrhmaneliwa.WeatherApp;
				PRODUCT_NAME = "$(TARGET_NAME)";
				SERVER_HOST = api.openweathermap.org;
				SERVER_SCHEME = https;
				SWIFT_EMIT_LOC_STRINGS = YES;
				SWIFT_VERSION = 5.0;
				TARGETED_DEVICE_FAMILY = "1,2";
			};
			name = Debug;
		};
		4E7282832A08111500C172C5 /* Release */ = {
			isa = XCBuildConfiguration;
			baseConfigurationReference = D605789A1B6219983D6AC328 /* Pods-WeatherApp.release.xcconfig */;
			buildSettings = {
				API_KEY = 552c86049cbb1185f0edd90cc45af6ba;
				ASSETCATALOG_COMPILER_APPICON_NAME = AppIcon;
				ASSETCATALOG_COMPILER_GLOBAL_ACCENT_COLOR_NAME = AccentColor;
				CODE_SIGN_STYLE = Automatic;
				CURRENT_PROJECT_VERSION = 1;
				DEVELOPMENT_TEAM = 28U3K645XS;
				GENERATE_INFOPLIST_FILE = YES;
				INFOPLIST_FILE = WeatherApp/Configurations/Info.plist;
				INFOPLIST_KEY_UIApplicationSupportsIndirectInputEvents = YES;
				INFOPLIST_KEY_UILaunchStoryboardName = LaunchScreen;
				INFOPLIST_KEY_UISupportedInterfaceOrientations_iPad = "UIInterfaceOrientationPortrait UIInterfaceOrientationPortraitUpsideDown UIInterfaceOrientationLandscapeLeft UIInterfaceOrientationLandscapeRight";
				INFOPLIST_KEY_UISupportedInterfaceOrientations_iPhone = "UIInterfaceOrientationPortrait UIInterfaceOrientationLandscapeLeft UIInterfaceOrientationLandscapeRight";
				IPHONEOS_DEPLOYMENT_TARGET = 14.0;
				LD_RUNPATH_SEARCH_PATHS = (
					"$(inherited)",
					"@executable_path/Frameworks",
				);
				MARKETING_VERSION = 1.0;
				PRODUCT_BUNDLE_IDENTIFIER = com.abdelrhmaneliwa.WeatherApp;
				PRODUCT_NAME = "$(TARGET_NAME)";
				SERVER_HOST = api.openweathermap.org;
				SERVER_SCHEME = https;
				SWIFT_EMIT_LOC_STRINGS = YES;
				SWIFT_VERSION = 5.0;
				TARGETED_DEVICE_FAMILY = "1,2";
			};
			name = Release;
		};
/* End XCBuildConfiguration section */

/* Begin XCConfigurationList section */
		4E7282682A08111400C172C5 /* Build configuration list for PBXProject "WeatherApp" */ = {
			isa = XCConfigurationList;
			buildConfigurations = (
				4E72827F2A08111500C172C5 /* Debug */,
				4E7282802A08111500C172C5 /* Release */,
			);
			defaultConfigurationIsVisible = 0;
			defaultConfigurationName = Release;
		};
		4E7282812A08111500C172C5 /* Build configuration list for PBXNativeTarget "WeatherApp" */ = {
			isa = XCConfigurationList;
			buildConfigurations = (
				4E7282822A08111500C172C5 /* Debug */,
				4E7282832A08111500C172C5 /* Release */,
			);
			defaultConfigurationIsVisible = 0;
			defaultConfigurationName = Release;
		};
/* End XCConfigurationList section */
	};
	rootObject = 4E7282652A08111400C172C5 /* Project object */;
}
